
Microsoft Visual Studio Solution File, Format Version 12.00
# Visual Studio Version 16
VisualStudioVersion = 16.0.31205.134
MinimumVisualStudioVersion = 10.0.40219.1
Project("{9A19103F-16F7-4668-BE54-9A1E7A4F7556}") = "Send-MailKitMessage", "Send-MailKitMessage.csproj", "{5AC13576-5E38-46CA-996B-F667B8D422C3}"
EndProject
Project("{2150E333-8FDC-42A3-9474-1A3956D46DE8}") = "Solution Items", "Solution Items", "{E74258B5-07C8-4E2A-BFF3-285A8DC9FB2F}"
	ProjectSection(SolutionItems) = preProject
		Send-MailKitMessage.csproj = Send-MailKitMessage.csproj
	EndProjectSection
EndProject
Global
	GlobalSection(SolutionConfigurationPlatforms) = preSolution
		Debug|Any CPU = Debug|Any CPU
		Release|Any CPU = Release|Any CPU
	EndGlobalSection
	GlobalSection(ProjectConfigurationPlatforms) = postSolution
		{5AC13576-5E38-46CA-996B-F667B8D422C3}.Debug|Any CPU.ActiveCfg = Debug|Any CPU
		{5AC13576-5E38-46CA-996B-F667B8D422C3}.Debug|Any CPU.Build.0 = Debug|Any CPU
		{5AC13576-5E38-46CA-996B-F667B8D422C3}.Release|Any CPU.ActiveCfg = Release|Any CPU
		{5AC13576-5E38-46CA-996B-F667B8D422C3}.Release|Any CPU.Build.0 = Release|Any CPU
	EndGlobalSection
	GlobalSection(SolutionProperties) = preSolution
		HideSolutionNode = FALSE
	EndGlobalSection
	GlobalSection(ExtensibilityGlobals) = postSolution
		SolutionGuid = {B3C40563-A149-43AF-BD9F-0160441066AD}
	EndGlobalSection
EndGlobal
